// !$*UTF8*$!
{
	archiveVersion = 1;
	classes = {
	};
	objectVersion = 50;
	objects = {

/* Begin PBXBuildFile section */
		25A7FC19B6E10967B49B602F /* Pods_Math_Tables.framework in Frameworks */ = {isa = PBXBuildFile; fileRef = 03B4F3D30CDC8C213AC8844E /* Pods_Math_Tables.framework */; };
		410166CA2240F2BA00FB8712 /* Assets.xcassets in Resources */ = {isa = PBXBuildFile; fileRef = 410166C92240F2BA00FB8712 /* Assets.xcassets */; };
		410166CE224250CE00FB8712 /* ScoreViewController.swift in Sources */ = {isa = PBXBuildFile; fileRef = 410166CC224250CE00FB8712 /* ScoreViewController.swift */; };
		410166CF224250CE00FB8712 /* ScoreViewController.xib in Resources */ = {isa = PBXBuildFile; fileRef = 410166CD224250CE00FB8712 /* ScoreViewController.xib */; };
		4102B689222FBF1A00AA8F95 /* UIView+Extensions.swift in Sources */ = {isa = PBXBuildFile; fileRef = 4102B688222FBF1A00AA8F95 /* UIView+Extensions.swift */; };
		411957EE2226F2D80060E04A /* incorrect.mp3 in Resources */ = {isa = PBXBuildFile; fileRef = 411957EC2226F2D80060E04A /* incorrect.mp3 */; };
		411957EF2226F2D80060E04A /* correct.wav in Resources */ = {isa = PBXBuildFile; fileRef = 411957ED2226F2D80060E04A /* correct.wav */; };
		41A8B716223B9D7900393D26 /* ChangaOne-Regular.ttf in Resources */ = {isa = PBXBuildFile; fileRef = 41A8B713223B9D7900393D26 /* ChangaOne-Regular.ttf */; };
		41A8B717223B9D7900393D26 /* ChangaOne-Italic.ttf in Resources */ = {isa = PBXBuildFile; fileRef = 41A8B714223B9D7900393D26 /* ChangaOne-Italic.ttf */; };
		41BCE774221FAC300049AF1C /* AppDelegate.swift in Sources */ = {isa = PBXBuildFile; fileRef = 41BCE773221FAC300049AF1C /* AppDelegate.swift */; };
		41BCE776221FAC300049AF1C /* ViewController.swift in Sources */ = {isa = PBXBuildFile; fileRef = 41BCE775221FAC300049AF1C /* ViewController.swift */; };
		41BCE779221FAC300049AF1C /* Main.storyboard in Resources */ = {isa = PBXBuildFile; fileRef = 41BCE777221FAC300049AF1C /* Main.storyboard */; };
		41BCE77E221FAC310049AF1C /* LaunchScreen.storyboard in Resources */ = {isa = PBXBuildFile; fileRef = 41BCE77C221FAC310049AF1C /* LaunchScreen.storyboard */; };
		41BCE788221FAC610049AF1C /* HomeViewController.swift in Sources */ = {isa = PBXBuildFile; fileRef = 41BCE786221FAC610049AF1C /* HomeViewController.swift */; };
		41BCE789221FAC610049AF1C /* HomeViewController.xib in Resources */ = {isa = PBXBuildFile; fileRef = 41BCE787221FAC610049AF1C /* HomeViewController.xib */; };
		41BCE78D221FB3F60049AF1C /* LearnViewController.swift in Sources */ = {isa = PBXBuildFile; fileRef = 41BCE78B221FB3F60049AF1C /* LearnViewController.swift */; };
		41BCE78E221FB3F60049AF1C /* LearnViewController.xib in Resources */ = {isa = PBXBuildFile; fileRef = 41BCE78C221FB3F60049AF1C /* LearnViewController.xib */; };
		41BCE791221FB8570049AF1C /* LearnTableViewCell.swift in Sources */ = {isa = PBXBuildFile; fileRef = 41BCE78F221FB8570049AF1C /* LearnTableViewCell.swift */; };
		41BCE792221FB8570049AF1C /* LearnTableViewCell.xib in Resources */ = {isa = PBXBuildFile; fileRef = 41BCE790221FB8570049AF1C /* LearnTableViewCell.xib */; };
		41BCE79B221FE9FE0049AF1C /* SelectNumberViewController.swift in Sources */ = {isa = PBXBuildFile; fileRef = 41BCE799221FE9FE0049AF1C /* SelectNumberViewController.swift */; };
		41BCE79C221FE9FE0049AF1C /* SelectNumberViewController.xib in Resources */ = {isa = PBXBuildFile; fileRef = 41BCE79A221FE9FE0049AF1C /* SelectNumberViewController.xib */; };
		41BCE7A4221FF6670049AF1C /* MakeTableViewController.swift in Sources */ = {isa = PBXBuildFile; fileRef = 41BCE7A2221FF6670049AF1C /* MakeTableViewController.swift */; };
		41BCE7A5221FF6670049AF1C /* MakeTableViewController.xib in Resources */ = {isa = PBXBuildFile; fileRef = 41BCE7A3221FF6670049AF1C /* MakeTableViewController.xib */; };
		41D41A3A222392F600029C4D /* ResultCollectionViewCell.swift in Sources */ = {isa = PBXBuildFile; fileRef = 41D41A38222392F600029C4D /* ResultCollectionViewCell.swift */; };
		41D41A3B222392F600029C4D /* ResultCollectionViewCell.xib in Resources */ = {isa = PBXBuildFile; fileRef = 41D41A39222392F600029C4D /* ResultCollectionViewCell.xib */; };
		41D41A5F2224E48300029C4D /* PlayViewController.swift in Sources */ = {isa = PBXBuildFile; fileRef = 41D41A5D2224E48300029C4D /* PlayViewController.swift */; };
		41D41A602224E48300029C4D /* PlayViewController.xib in Resources */ = {isa = PBXBuildFile; fileRef = 41D41A5E2224E48300029C4D /* PlayViewController.xib */; };
		41FC2B1B224376DC002C135B /* Constant.swift in Sources */ = {isa = PBXBuildFile; fileRef = 41FC2B1A224376DC002C135B /* Constant.swift */; };
		41FC2B1E224379FC002C135B /* ScoreTableViewCell.swift in Sources */ = {isa = PBXBuildFile; fileRef = 41FC2B1C224379FC002C135B /* ScoreTableViewCell.swift */; };
		41FC2B1F224379FC002C135B /* ScoreTableViewCell.xib in Resources */ = {isa = PBXBuildFile; fileRef = 41FC2B1D224379FC002C135B /* ScoreTableViewCell.xib */; };
/* End PBXBuildFile section */

/* Begin PBXFileReference section */
		03B4F3D30CDC8C213AC8844E /* Pods_Math_Tables.framework */ = {isa = PBXFileReference; explicitFileType = wrapper.framework; includeInIndex = 0; path = Pods_Math_Tables.framework; sourceTree = BUILT_PRODUCTS_DIR; };
		410166C92240F2BA00FB8712 /* Assets.xcassets */ = {isa = PBXFileReference; lastKnownFileType = folder.assetcatalog; name = Assets.xcassets; path = Math_Tables/Assets.xcassets; sourceTree = "<group>"; };
		410166CC224250CE00FB8712 /* ScoreViewController.swift */ = {isa = PBXFileReference; lastKnownFileType = sourcecode.swift; path = ScoreViewController.swift; sourceTree = "<group>"; };
		410166CD224250CE00FB8712 /* ScoreViewController.xib */ = {isa = PBXFileReference; lastKnownFileType = file.xib; path = ScoreViewController.xib; sourceTree = "<group>"; };
		4102B688222FBF1A00AA8F95 /* UIView+Extensions.swift */ = {isa = PBXFileReference; lastKnownFileType = sourcecode.swift; path = "UIView+Extensions.swift"; sourceTree = "<group>"; };
		411957EC2226F2D80060E04A /* incorrect.mp3 */ = {isa = PBXFileReference; lastKnownFileType = audio.mp3; path = incorrect.mp3; sourceTree = "<group>"; };
		411957ED2226F2D80060E04A /* correct.wav */ = {isa = PBXFileReference; lastKnownFileType = audio.wav; path = correct.wav; sourceTree = "<group>"; };
		41A8B713223B9D7900393D26 /* ChangaOne-Regular.ttf */ = {isa = PBXFileReference; lastKnownFileType = file; path = "ChangaOne-Regular.ttf"; sourceTree = "<group>"; };
		41A8B714223B9D7900393D26 /* ChangaOne-Italic.ttf */ = {isa = PBXFileReference; lastKnownFileType = file; path = "ChangaOne-Italic.ttf"; sourceTree = "<group>"; };
		41BCE770221FAC300049AF1C /* Math_Tables.app */ = {isa = PBXFileReference; explicitFileType = wrapper.application; includeInIndex = 0; path = Math_Tables.app; sourceTree = BUILT_PRODUCTS_DIR; };
		41BCE773221FAC300049AF1C /* AppDelegate.swift */ = {isa = PBXFileReference; lastKnownFileType = sourcecode.swift; path = AppDelegate.swift; sourceTree = "<group>"; };
		41BCE775221FAC300049AF1C /* ViewController.swift */ = {isa = PBXFileReference; lastKnownFileType = sourcecode.swift; path = ViewController.swift; sourceTree = "<group>"; };
		41BCE778221FAC300049AF1C /* Base */ = {isa = PBXFileReference; lastKnownFileType = file.storyboard; name = Base; path = Base.lproj/Main.storyboard; sourceTree = "<group>"; };
		41BCE77D221FAC310049AF1C /* Base */ = {isa = PBXFileReference; lastKnownFileType = file.storyboard; name = Base; path = Base.lproj/LaunchScreen.storyboard; sourceTree = "<group>"; };
		41BCE77F221FAC310049AF1C /* Info.plist */ = {isa = PBXFileReference; lastKnownFileType = text.plist.xml; path = Info.plist; sourceTree = "<group>"; };
		41BCE786221FAC610049AF1C /* HomeViewController.swift */ = {isa = PBXFileReference; lastKnownFileType = sourcecode.swift; path = HomeViewController.swift; sourceTree = "<group>"; };
		41BCE787221FAC610049AF1C /* HomeViewController.xib */ = {isa = PBXFileReference; lastKnownFileType = file.xib; path = HomeViewController.xib; sourceTree = "<group>"; };
		41BCE78B221FB3F60049AF1C /* LearnViewController.swift */ = {isa = PBXFileReference; lastKnownFileType = sourcecode.swift; path = LearnViewController.swift; sourceTree = "<group>"; };
		41BCE78C221FB3F60049AF1C /* LearnViewController.xib */ = {isa = PBXFileReference; lastKnownFileType = file.xib; path = LearnViewController.xib; sourceTree = "<group>"; };
		41BCE78F221FB8570049AF1C /* LearnTableViewCell.swift */ = {isa = PBXFileReference; lastKnownFileType = sourcecode.swift; path = LearnTableViewCell.swift; sourceTree = "<group>"; };
		41BCE790221FB8570049AF1C /* LearnTableViewCell.xib */ = {isa = PBXFileReference; lastKnownFileType = file.xib; path = LearnTableViewCell.xib; sourceTree = "<group>"; };
		41BCE799221FE9FE0049AF1C /* SelectNumberViewController.swift */ = {isa = PBXFileReference; lastKnownFileType = sourcecode.swift; path = SelectNumberViewController.swift; sourceTree = "<group>"; };
		41BCE79A221FE9FE0049AF1C /* SelectNumberViewController.xib */ = {isa = PBXFileReference; lastKnownFileType = file.xib; path = SelectNumberViewController.xib; sourceTree = "<group>"; };
		41BCE7A2221FF6670049AF1C /* MakeTableViewController.swift */ = {isa = PBXFileReference; lastKnownFileType = sourcecode.swift; path = MakeTableViewController.swift; sourceTree = "<group>"; };
		41BCE7A3221FF6670049AF1C /* MakeTableViewController.xib */ = {isa = PBXFileReference; lastKnownFileType = file.xib; path = MakeTableViewController.xib; sourceTree = "<group>"; };
		41D41A38222392F600029C4D /* ResultCollectionViewCell.swift */ = {isa = PBXFileReference; lastKnownFileType = sourcecode.swift; path = ResultCollectionViewCell.swift; sourceTree = "<group>"; };
		41D41A39222392F600029C4D /* ResultCollectionViewCell.xib */ = {isa = PBXFileReference; lastKnownFileType = file.xib; path = ResultCollectionViewCell.xib; sourceTree = "<group>"; };
		41D41A5D2224E48300029C4D /* PlayViewController.swift */ = {isa = PBXFileReference; lastKnownFileType = sourcecode.swift; path = PlayViewController.swift; sourceTree = "<group>"; };
		41D41A5E2224E48300029C4D /* PlayViewController.xib */ = {isa = PBXFileReference; lastKnownFileType = file.xib; path = PlayViewController.xib; sourceTree = "<group>"; };
		41FC2B1A224376DC002C135B /* Constant.swift */ = {isa = PBXFileReference; lastKnownFileType = sourcecode.swift; path = Constant.swift; sourceTree = "<group>"; };
		41FC2B1C224379FC002C135B /* ScoreTableViewCell.swift */ = {isa = PBXFileReference; lastKnownFileType = sourcecode.swift; path = ScoreTableViewCell.swift; sourceTree = "<group>"; };
		41FC2B1D224379FC002C135B /* ScoreTableViewCell.xib */ = {isa = PBXFileReference; lastKnownFileType = file.xib; path = ScoreTableViewCell.xib; sourceTree = "<group>"; };
		9CF8B7582D846401C439D458 /* Pods-Math_Tables.release.xcconfig */ = {isa = PBXFileReference; includeInIndex = 1; lastKnownFileType = text.xcconfig; name = "Pods-Math_Tables.release.xcconfig"; path = "Pods/Target Support Files/Pods-Math_Tables/Pods-Math_Tables.release.xcconfig"; sourceTree = "<group>"; };
		E17C6B4DD4F26EDFF199E2A0 /* Pods-Math_Tables.debug.xcconfig */ = {isa = PBXFileReference; includeInIndex = 1; lastKnownFileType = text.xcconfig; name = "Pods-Math_Tables.debug.xcconfig"; path = "Pods/Target Support Files/Pods-Math_Tables/Pods-Math_Tables.debug.xcconfig"; sourceTree = "<group>"; };
/* End PBXFileReference section */

/* Begin PBXFrameworksBuildPhase section */
		41BCE76D221FAC300049AF1C /* Frameworks */ = {
			isa = PBXFrameworksBuildPhase;
			buildActionMask = 2147483647;
			files = (
				25A7FC19B6E10967B49B602F /* Pods_Math_Tables.framework in Frameworks */,
			);
			runOnlyForDeploymentPostprocessing = 0;
		};
/* End PBXFrameworksBuildPhase section */

/* Begin PBXGroup section */
		0FE69C80A81C42C2A00A755A /* Pods */ = {
			isa = PBXGroup;
			children = (
				E17C6B4DD4F26EDFF199E2A0 /* Pods-Math_Tables.debug.xcconfig */,
				9CF8B7582D846401C439D458 /* Pods-Math_Tables.release.xcconfig */,
			);
			name = Pods;
			sourceTree = "<group>";
		};
		4102B687222FBEEB00AA8F95 /* Hepper */ = {
			isa = PBXGroup;
			children = (
				4102B688222FBF1A00AA8F95 /* UIView+Extensions.swift */,
				41FC2B1A224376DC002C135B /* Constant.swift */,
			);
			path = Hepper;
			sourceTree = "<group>";
		};
		411957EB2226F2C30060E04A /* Sound */ = {
			isa = PBXGroup;
			children = (
				411957ED2226F2D80060E04A /* correct.wav */,
				411957EC2226F2D80060E04A /* incorrect.mp3 */,
			);
			path = Sound;
			sourceTree = "<group>";
		};
		412981F622544BED0050B87F /* Views */ = {
			isa = PBXGroup;
			children = (
				41BCE787221FAC610049AF1C /* HomeViewController.xib */,
				41BCE79A221FE9FE0049AF1C /* SelectNumberViewController.xib */,
				41BCE78C221FB3F60049AF1C /* LearnViewController.xib */,
				41BCE7A3221FF6670049AF1C /* MakeTableViewController.xib */,
				41D41A5E2224E48300029C4D /* PlayViewController.xib */,
				410166CD224250CE00FB8712 /* ScoreViewController.xib */,
			);
			path = Views;
			sourceTree = "<group>";
		};
		412981F722544C1C0050B87F /* Subviews */ = {
			isa = PBXGroup;
			children = (
				41BCE78F221FB8570049AF1C /* LearnTableViewCell.swift */,
				41BCE790221FB8570049AF1C /* LearnTableViewCell.xib */,
				41D41A38222392F600029C4D /* ResultCollectionViewCell.swift */,
				41D41A39222392F600029C4D /* ResultCollectionViewCell.xib */,
				41FC2B1C224379FC002C135B /* ScoreTableViewCell.swift */,
				41FC2B1D224379FC002C135B /* ScoreTableViewCell.xib */,
			);
			path = Subviews;
			sourceTree = "<group>";
		};
		412981F822544C380050B87F /* ViewControllers */ = {
			isa = PBXGroup;
			children = (
				41BCE786221FAC610049AF1C /* HomeViewController.swift */,
				41BCE799221FE9FE0049AF1C /* SelectNumberViewController.swift */,
				41BCE78B221FB3F60049AF1C /* LearnViewController.swift */,
				41BCE7A2221FF6670049AF1C /* MakeTableViewController.swift */,
				41D41A5D2224E48300029C4D /* PlayViewController.swift */,
				410166CC224250CE00FB8712 /* ScoreViewController.swift */,
			);
			path = ViewControllers;
			sourceTree = "<group>";
		};
		41A8B711223B9D7900393D26 /* font */ = {
			isa = PBXGroup;
			children = (
				41A8B713223B9D7900393D26 /* ChangaOne-Regular.ttf */,
				41A8B714223B9D7900393D26 /* ChangaOne-Italic.ttf */,
			);
			path = font;
			sourceTree = "<group>";
		};
		41BCE767221FAC300049AF1C = {
			isa = PBXGroup;
			children = (
				41BCE772221FAC300049AF1C /* Math_Tables */,
				410166C92240F2BA00FB8712 /* Assets.xcassets */,
				41BCE771221FAC300049AF1C /* Products */,
				0FE69C80A81C42C2A00A755A /* Pods */,
				E36C226A39A3FCDF2E886C7E /* Frameworks */,
			);
			sourceTree = "<group>";
		};
		41BCE771221FAC300049AF1C /* Products */ = {
			isa = PBXGroup;
			children = (
				41BCE770221FAC300049AF1C /* Math_Tables.app */,
			);
			name = Products;
			sourceTree = "<group>";
		};
		41BCE772221FAC300049AF1C /* Math_Tables */ = {
			isa = PBXGroup;
			children = (
				412981F822544C380050B87F /* ViewControllers */,
				412981F622544BED0050B87F /* Views */,
				412981F722544C1C0050B87F /* Subviews */,
				4102B687222FBEEB00AA8F95 /* Hepper */,
				41A8B711223B9D7900393D26 /* font */,
				411957EB2226F2C30060E04A /* Sound */,
				41BCE773221FAC300049AF1C /* AppDelegate.swift */,
				41BCE775221FAC300049AF1C /* ViewController.swift */,
				41BCE777221FAC300049AF1C /* Main.storyboard */,
				41BCE77C221FAC310049AF1C /* LaunchScreen.storyboard */,
				41BCE77F221FAC310049AF1C /* Info.plist */,
			);
			path = Math_Tables;
			sourceTree = "<group>";
		};
		E36C226A39A3FCDF2E886C7E /* Frameworks */ = {
			isa = PBXGroup;
			children = (
				03B4F3D30CDC8C213AC8844E /* Pods_Math_Tables.framework */,
			);
			name = Frameworks;
			sourceTree = "<group>";
		};
/* End PBXGroup section */

/* Begin PBXNativeTarget section */
		41BCE76F221FAC300049AF1C /* Math_Tables */ = {
			isa = PBXNativeTarget;
			buildConfigurationList = 41BCE782221FAC310049AF1C /* Build configuration list for PBXNativeTarget "Math_Tables" */;
			buildPhases = (
				0573F5DFED928EB20F00E7A3 /* [CP] Check Pods Manifest.lock */,
				41BCE76C221FAC300049AF1C /* Sources */,
				41BCE76D221FAC300049AF1C /* Frameworks */,
				41BCE76E221FAC300049AF1C /* Resources */,
				A7143378CCCBF5F0FA04D25F /* [CP] Embed Pods Frameworks */,
			);
			buildRules = (
			);
			dependencies = (
			);
			name = Math_Tables;
			productName = Math_Tables;
			productReference = 41BCE770221FAC300049AF1C /* Math_Tables.app */;
			productType = "com.apple.product-type.application";
		};
/* End PBXNativeTarget section */

/* Begin PBXProject section */
		41BCE768221FAC300049AF1C /* Project object */ = {
			isa = PBXProject;
			attributes = {
				LastSwiftUpdateCheck = 1010;
				LastUpgradeCheck = 1010;
				ORGANIZATIONNAME = "Lê Trần Trọng Tín";
				TargetAttributes = {
					41BCE76F221FAC300049AF1C = {
						CreatedOnToolsVersion = 10.1;
					};
				};
			};
			buildConfigurationList = 41BCE76B221FAC300049AF1C /* Build configuration list for PBXProject "Math_Tables" */;
			compatibilityVersion = "Xcode 9.3";
			developmentRegion = en;
			hasScannedForEncodings = 0;
			knownRegions = (
				en,
				Base,
			);
			mainGroup = 41BCE767221FAC300049AF1C;
			productRefGroup = 41BCE771221FAC300049AF1C /* Products */;
			projectDirPath = "";
			projectRoot = "";
			targets = (
				41BCE76F221FAC300049AF1C /* Math_Tables */,
			);
		};
/* End PBXProject section */

/* Begin PBXResourcesBuildPhase section */
		41BCE76E221FAC300049AF1C /* Resources */ = {
			isa = PBXResourcesBuildPhase;
			buildActionMask = 2147483647;
			files = (
				411957EF2226F2D80060E04A /* correct.wav in Resources */,
				41BCE79C221FE9FE0049AF1C /* SelectNumberViewController.xib in Resources */,
				41BCE792221FB8570049AF1C /* LearnTableViewCell.xib in Resources */,
				41A8B716223B9D7900393D26 /* ChangaOne-Regular.ttf in Resources */,
				410166CA2240F2BA00FB8712 /* Assets.xcassets in Resources */,
				41BCE77E221FAC310049AF1C /* LaunchScreen.storyboard in Resources */,
				41FC2B1F224379FC002C135B /* ScoreTableViewCell.xib in Resources */,
				41BCE78E221FB3F60049AF1C /* LearnViewController.xib in Resources */,
				411957EE2226F2D80060E04A /* incorrect.mp3 in Resources */,
				41BCE7A5221FF6670049AF1C /* MakeTableViewController.xib in Resources */,
				41D41A602224E48300029C4D /* PlayViewController.xib in Resources */,
				41A8B717223B9D7900393D26 /* ChangaOne-Italic.ttf in Resources */,
				41D41A3B222392F600029C4D /* ResultCollectionViewCell.xib in Resources */,
				41BCE779221FAC300049AF1C /* Main.storyboard in Resources */,
				410166CF224250CE00FB8712 /* ScoreViewController.xib in Resources */,
				41BCE789221FAC610049AF1C /* HomeViewController.xib in Resources */,
			);
			runOnlyForDeploymentPostprocessing = 0;
		};
/* End PBXResourcesBuildPhase section */

/* Begin PBXShellScriptBuildPhase section */
		0573F5DFED928EB20F00E7A3 /* [CP] Check Pods Manifest.lock */ = {
			isa = PBXShellScriptBuildPhase;
			buildActionMask = 2147483647;
			files = (
			);
			inputFileListPaths = (
			);
			inputPaths = (
				"${PODS_PODFILE_DIR_PATH}/Podfile.lock",
				"${PODS_ROOT}/Manifest.lock",
			);
			name = "[CP] Check Pods Manifest.lock";
			outputFileListPaths = (
			);
			outputPaths = (
				"$(DERIVED_FILE_DIR)/Pods-Math_Tables-checkManifestLockResult.txt",
			);
			runOnlyForDeploymentPostprocessing = 0;
			shellPath = /bin/sh;
			shellScript = "diff \"${PODS_PODFILE_DIR_PATH}/Podfile.lock\" \"${PODS_ROOT}/Manifest.lock\" > /dev/null\nif [ $? != 0 ] ; then\n    # print error to STDERR\n    echo \"error: The sandbox is not in sync with the Podfile.lock. Run 'pod install' or update your CocoaPods installation.\" >&2\n    exit 1\nfi\n# This output is used by Xcode 'outputs' to avoid re-running this script phase.\necho \"SUCCESS\" > \"${SCRIPT_OUTPUT_FILE_0}\"\n";
			showEnvVarsInLog = 0;
		};
		A7143378CCCBF5F0FA04D25F /* [CP] Embed Pods Frameworks */ = {
			isa = PBXShellScriptBuildPhase;
			buildActionMask = 2147483647;
			files = (
			);
			inputFileListPaths = (
			);
			inputPaths = (
				"${SRCROOT}/Pods/Target Support Files/Pods-Math_Tables/Pods-Math_Tables-frameworks.sh",
				"${BUILT_PRODUCTS_DIR}/ChameleonFramework/ChameleonFramework.framework",
				"${BUILT_PRODUCTS_DIR}/SCLAlertView/SCLAlertView.framework",
			);
			name = "[CP] Embed Pods Frameworks";
			outputFileListPaths = (
			);
			outputPaths = (
				"${TARGET_BUILD_DIR}/${FRAMEWORKS_FOLDER_PATH}/ChameleonFramework.framework",
				"${TARGET_BUILD_DIR}/${FRAMEWORKS_FOLDER_PATH}/SCLAlertView.framework",
			);
			runOnlyForDeploymentPostprocessing = 0;
			shellPath = /bin/sh;
			shellScript = "\"${SRCROOT}/Pods/Target Support Files/Pods-Math_Tables/Pods-Math_Tables-frameworks.sh\"\n";
			showEnvVarsInLog = 0;
		};
/* End PBXShellScriptBuildPhase section */

/* Begin PBXSourcesBuildPhase section */
		41BCE76C221FAC300049AF1C /* Sources */ = {
			isa = PBXSourcesBuildPhase;
			buildActionMask = 2147483647;
			files = (
				41BCE776221FAC300049AF1C /* ViewController.swift in Sources */,
				410166CE224250CE00FB8712 /* ScoreViewController.swift in Sources */,
				41D41A3A222392F600029C4D /* ResultCollectionViewCell.swift in Sources */,
				41BCE78D221FB3F60049AF1C /* LearnViewController.swift in Sources */,
				41BCE79B221FE9FE0049AF1C /* SelectNumberViewController.swift in Sources */,
				41BCE774221FAC300049AF1C /* AppDelegate.swift in Sources */,
				4102B689222FBF1A00AA8F95 /* UIView+Extensions.swift in Sources */,
				41D41A5F2224E48300029C4D /* PlayViewController.swift in Sources */,
				41BCE7A4221FF6670049AF1C /* MakeTableViewController.swift in Sources */,
				41BCE788221FAC610049AF1C /* HomeViewController.swift in Sources */,
				41FC2B1E224379FC002C135B /* ScoreTableViewCell.swift in Sources */,
				41BCE791221FB8570049AF1C /* LearnTableViewCell.swift in Sources */,
				41FC2B1B224376DC002C135B /* Constant.swift in Sources */,
			);
			runOnlyForDeploymentPostprocessing = 0;
		};
/* End PBXSourcesBuildPhase section */

/* Begin PBXVariantGroup section */
		41BCE777221FAC300049AF1C /* Main.storyboard */ = {
			isa = PBXVariantGroup;
			children = (
				41BCE778221FAC300049AF1C /* Base */,
			);
			name = Main.storyboard;
			sourceTree = "<group>";
		};
		41BCE77C221FAC310049AF1C /* LaunchScreen.storyboard */ = {
			isa = PBXVariantGroup;
			children = (
				41BCE77D221FAC310049AF1C /* Base */,
			);
			name = LaunchScreen.storyboard;
			sourceTree = "<group>";
		};
/* End PBXVariantGroup section */

/* Begin XCBuildConfiguration section */
		41BCE780221FAC310049AF1C /* Debug */ = {
			isa = XCBuildConfiguration;
			buildSettings = {
				ALWAYS_SEARCH_USER_PATHS = NO;
				CLANG_ANALYZER_NONNULL = YES;
				CLANG_ANALYZER_NUMBER_OBJECT_CONVERSION = YES_AGGRESSIVE;
				CLANG_CXX_LANGUAGE_STANDARD = "gnu++14";
				CLANG_CXX_LIBRARY = "libc++";
				CLANG_ENABLE_MODULES = YES;
				CLANG_ENABLE_OBJC_ARC = YES;
				CLANG_ENABLE_OBJC_WEAK = YES;
				CLANG_WARN_BLOCK_CAPTURE_AUTORELEASING = YES;
				CLANG_WARN_BOOL_CONVERSION = YES;
				CLANG_WARN_COMMA = YES;
				CLANG_WARN_CONSTANT_CONVERSION = YES;
				CLANG_WARN_DEPRECATED_OBJC_IMPLEMENTATIONS = YES;
				CLANG_WARN_DIRECT_OBJC_ISA_USAGE = YES_ERROR;
				CLANG_WARN_DOCUMENTATION_COMMENTS = YES;
				CLANG_WARN_EMPTY_BODY = YES;
				CLANG_WARN_ENUM_CONVERSION = YES;
				CLANG_WARN_INFINITE_RECURSION = YES;
				CLANG_WARN_INT_CONVERSION = YES;
				CLANG_WARN_NON_LITERAL_NULL_CONVERSION = YES;
				CLANG_WARN_OBJC_IMPLICIT_RETAIN_SELF = YES;
				CLANG_WARN_OBJC_LITERAL_CONVERSION = YES;
				CLANG_WARN_OBJC_ROOT_CLASS = YES_ERROR;
				CLANG_WARN_RANGE_LOOP_ANALYSIS = YES;
				CLANG_WARN_STRICT_PROTOTYPES = YES;
				CLANG_WARN_SUSPICIOUS_MOVE = YES;
				CLANG_WARN_UNGUARDED_AVAILABILITY = YES_AGGRESSIVE;
				CLANG_WARN_UNREACHABLE_CODE = YES;
				CLANG_WARN__DUPLICATE_METHOD_MATCH = YES;
				CODE_SIGN_IDENTITY = "iPhone Developer";
				COPY_PHASE_STRIP = NO;
				DEBUG_INFORMATION_FORMAT = dwarf;
				ENABLE_STRICT_OBJC_MSGSEND = YES;
				ENABLE_TESTABILITY = YES;
				GCC_C_LANGUAGE_STANDARD = gnu11;
				GCC_DYNAMIC_NO_PIC = NO;
				GCC_NO_COMMON_BLOCKS = YES;
				GCC_OPTIMIZATION_LEVEL = 0;
				GCC_PREPROCESSOR_DEFINITIONS = (
					"DEBUG=1",
					"$(inherited)",
				);
				GCC_WARN_64_TO_32_BIT_CONVERSION = YES;
				GCC_WARN_ABOUT_RETURN_TYPE = YES_ERROR;
				GCC_WARN_UNDECLARED_SELECTOR = YES;
				GCC_WARN_UNINITIALIZED_AUTOS = YES_AGGRESSIVE;
				GCC_WARN_UNUSED_FUNCTION = YES;
				GCC_WARN_UNUSED_VARIABLE = YES;
				IPHONEOS_DEPLOYMENT_TARGET = 12.1;
				MTL_ENABLE_DEBUG_INFO = INCLUDE_SOURCE;
				MTL_FAST_MATH = YES;
				ONLY_ACTIVE_ARCH = YES;
				SDKROOT = iphoneos;
				SWIFT_ACTIVE_COMPILATION_CONDITIONS = DEBUG;
				SWIFT_OPTIMIZATION_LEVEL = "-Onone";
			};
			name = Debug;
		};
		41BCE781221FAC310049AF1C /* Release */ = {
			isa = XCBuildConfiguration;
			buildSettings = {
				ALWAYS_SEARCH_USER_PATHS = NO;
				CLANG_ANALYZER_NONNULL = YES;
				CLANG_ANALYZER_NUMBER_OBJECT_CONVERSION = YES_AGGRESSIVE;
				CLANG_CXX_LANGUAGE_STANDARD = "gnu++14";
				CLANG_CXX_LIBRARY = "libc++";
				CLANG_ENABLE_MODULES = YES;
				CLANG_ENABLE_OBJC_ARC = YES;
				CLANG_ENABLE_OBJC_WEAK = YES;
				CLANG_WARN_BLOCK_CAPTURE_AUTORELEASING = YES;
				CLANG_WARN_BOOL_CONVERSION = YES;
				CLANG_WARN_COMMA = YES;
				CLANG_WARN_CONSTANT_CONVERSION = YES;
				CLANG_WARN_DEPRECATED_OBJC_IMPLEMENTATIONS = YES;
				CLANG_WARN_DIRECT_OBJC_ISA_USAGE = YES_ERROR;
				CLANG_WARN_DOCUMENTATION_COMMENTS = YES;
				CLANG_WARN_EMPTY_BODY = YES;
				CLANG_WARN_ENUM_CONVERSION = YES;
				CLANG_WARN_INFINITE_RECURSION = YES;
				CLANG_WARN_INT_CONVERSION = YES;
				CLANG_WARN_NON_LITERAL_NULL_CONVERSION = YES;
				CLANG_WARN_OBJC_IMPLICIT_RETAIN_SELF = YES;
				CLANG_WARN_OBJC_LITERAL_CONVERSION = YES;
				CLANG_WARN_OBJC_ROOT_CLASS = YES_ERROR;
				CLANG_WARN_RANGE_LOOP_ANALYSIS = YES;
				CLANG_WARN_STRICT_PROTOTYPES = YES;
				CLANG_WARN_SUSPICIOUS_MOVE = YES;
				CLANG_WARN_UNGUARDED_AVAILABILITY = YES_AGGRESSIVE;
				CLANG_WARN_UNREACHABLE_CODE = YES;
				CLANG_WARN__DUPLICATE_METHOD_MATCH = YES;
				CODE_SIGN_IDENTITY = "iPhone Developer";
				COPY_PHASE_STRIP = NO;
				DEBUG_INFORMATION_FORMAT = "dwarf-with-dsym";
				ENABLE_NS_ASSERTIONS = NO;
				ENABLE_STRICT_OBJC_MSGSEND = YES;
				GCC_C_LANGUAGE_STANDARD = gnu11;
				GCC_NO_COMMON_BLOCKS = YES;
				GCC_WARN_64_TO_32_BIT_CONVERSION = YES;
				GCC_WARN_ABOUT_RETURN_TYPE = YES_ERROR;
				GCC_WARN_UNDECLARED_SELECTOR = YES;
				GCC_WARN_UNINITIALIZED_AUTOS = YES_AGGRESSIVE;
				GCC_WARN_UNUSED_FUNCTION = YES;
				GCC_WARN_UNUSED_VARIABLE = YES;
				IPHONEOS_DEPLOYMENT_TARGET = 12.1;
				MTL_ENABLE_DEBUG_INFO = NO;
				MTL_FAST_MATH = YES;
				SDKROOT = iphoneos;
				SWIFT_COMPILATION_MODE = wholemodule;
				SWIFT_OPTIMIZATION_LEVEL = "-O";
				VALIDATE_PRODUCT = YES;
			};
			name = Release;
		};
		41BCE783221FAC310049AF1C /* Debug */ = {
			isa = XCBuildConfiguration;
			baseConfigurationReference = E17C6B4DD4F26EDFF199E2A0 /* Pods-Math_Tables.debug.xcconfig */;
			buildSettings = {
				ASSETCATALOG_COMPILER_APPICON_NAME = AppIcon;
				CODE_SIGN_STYLE = Automatic;
				DEVELOPMENT_TEAM = N8EKB44LT6;
				INFOPLIST_FILE = Math_Tables/Info.plist;
				LD_RUNPATH_SEARCH_PATHS = (
					"$(inherited)",
					"@executable_path/Frameworks",
				);
				PRODUCT_BUNDLE_IDENTIFIER = "Tin.Math-Tables";
				PRODUCT_NAME = "$(TARGET_NAME)";
				SWIFT_VERSION = 4.2;
				TARGETED_DEVICE_FAMILY = 1;
			};
			name = Debug;
		};
		41BCE784221FAC310049AF1C /* Release */ = {
			isa = XCBuildConfiguration;
			baseConfigurationReference = 9CF8B7582D846401C439D458 /* Pods-Math_Tables.release.xcconfig */;
			buildSettings = {
				ASSETCATALOG_COMPILER_APPICON_NAME = AppIcon;
				CODE_SIGN_STYLE = Automatic;
				DEVELOPMENT_TEAM = N8EKB44LT6;
				INFOPLIST_FILE = Math_Tables/Info.plist;
				LD_RUNPATH_SEARCH_PATHS = (
					"$(inherited)",
					"@executable_path/Frameworks",
				);
				PRODUCT_BUNDLE_IDENTIFIER = "Tin.Math-Tables";
				PRODUCT_NAME = "$(TARGET_NAME)";
				SWIFT_VERSION = 4.2;
				TARGETED_DEVICE_FAMILY = 1;
			};
			name = Release;
		};
/* End XCBuildConfiguration section */

/* Begin XCConfigurationList section */
		41BCE76B221FAC300049AF1C /* Build configuration list for PBXProject "Math_Tables" */ = {
			isa = XCConfigurationList;
			buildConfigurations = (
				41BCE780221FAC310049AF1C /* Debug */,
				41BCE781221FAC310049AF1C /* Release */,
			);
			defaultConfigurationIsVisible = 0;
			defaultConfigurationName = Release;
		};
		41BCE782221FAC310049AF1C /* Build configuration list for PBXNativeTarget "Math_Tables" */ = {
			isa = XCConfigurationList;
			buildConfigurations = (
				41BCE783221FAC310049AF1C /* Debug */,
				41BCE784221FAC310049AF1C /* Release */,
			);
			defaultConfigurationIsVisible = 0;
			defaultConfigurationName = Release;
		};
/* End XCConfigurationList section */
	};
	rootObject = 41BCE768221FAC300049AF1C /* Project object */;
}
